
Microsoft Visual Studio Solution File, Format Version 12.00
# Visual Studio Version 17
VisualStudioVersion = 17.2.32505.173
MinimumVisualStudioVersion = 10.0.40219.1
Project("{FAE04EC0-301F-11D3-BF4B-00C04F79EFBC}") = "WpfApp3", "WpfApp3\WpfApp3.csproj", "{5A1A97AC-3FCE-4697-8CCE-A5B593E17502}"
EndProject
Global
	GlobalSection(SolutionConfigurationPlatforms) = preSolution
		Debug|Any CPU = Debug|Any CPU
		Release|Any CPU = Release|Any CPU
	EndGlobalSection
	GlobalSection(ProjectConfigurationPlatforms) = postSolution
		{5A1A97AC-3FCE-4697-8CCE-A5B593E17502}.Debug|Any CPU.ActiveCfg = Debug|Any CPU
		{5A1A97AC-3FCE-4697-8CCE-A5B593E17502}.Debug|Any CPU.Build.0 = Debug|Any CPU
		{5A1A97AC-3FCE-4697-8CCE-A5B593E17502}.Release|Any CPU.ActiveCfg = Release|Any CPU
		{5A1A97AC-3FCE-4697-8CCE-A5B593E17502}.Release|Any CPU.Build.0 = Release|Any CPU
	EndGlobalSection
	GlobalSection(SolutionProperties) = preSolution
		HideSolutionNode = FALSE
	EndGlobalSection
	GlobalSection(ExtensibilityGlobals) = postSolution
		SolutionGuid = {4F9A22CF-B0EC-4EB7-8FBC-2F4C29E08C0E}
	EndGlobalSection
EndGlobal
